
Microsoft Visual Studio Solution File, Format Version 12.00
# Visual Studio 15
Project("{FAE04EC0-301F-11D3-BF4B-00C04F79EFBC}") = "Assembly-CSharp", "Assembly-CSharp.csproj", "{F6756DC2-F0C2-3F82-13C9-390E85F6128D}"
EndProject
Project("{FAE04EC0-301F-11D3-BF4B-00C04F79EFBC}") = "Assembly-CSharp-Editor-firstpass", "Assembly-CSharp-Editor-firstpass.csproj", "{6D3F1494-F9F3-E4F0-86B0-EF019350DAA8}"
EndProject
Project("{FAE04EC0-301F-11D3-BF4B-00C04F79EFBC}") = "Assembly-CSharp-Editor", "Assembly-CSharp-Editor.csproj", "{0E208F95-9A1B-7E48-5ED0-E9135D78AC4F}"
EndProject
Global
	GlobalSection(SolutionConfigurationPlatforms) = preSolution
		Debug|Any CPU = Debug|Any CPU
		Release|Any CPU = Release|Any CPU
	EndGlobalSection
	GlobalSection(ProjectConfigurationPlatforms) = postSolution
		{F6756DC2-F0C2-3F82-13C9-390E85F6128D}.Debug|Any CPU.ActiveCfg = Debug|Any CPU
		{F6756DC2-F0C2-3F82-13C9-390E85F6128D}.Debug|Any CPU.Build.0 = Debug|Any CPU
		{F6756DC2-F0C2-3F82-13C9-390E85F6128D}.Release|Any CPU.ActiveCfg = Release|Any CPU
		{F6756DC2-F0C2-3F82-13C9-390E85F6128D}.Release|Any CPU.Build.0 = Release|Any CPU
		{6D3F1494-F9F3-E4F0-86B0-EF019350DAA8}.Debug|Any CPU.ActiveCfg = Debug|Any CPU
		{6D3F1494-F9F3-E4F0-86B0-EF019350DAA8}.Debug|Any CPU.Build.0 = Debug|Any CPU
		{6D3F1494-F9F3-E4F0-86B0-EF019350DAA8}.Release|Any CPU.ActiveCfg = Release|Any CPU
		{6D3F1494-F9F3-E4F0-86B0-EF019350DAA8}.Release|Any CPU.Build.0 = Release|Any CPU
		{0E208F95-9A1B-7E48-5ED0-E9135D78AC4F}.Debug|Any CPU.ActiveCfg = Debug|Any CPU
		{0E208F95-9A1B-7E48-5ED0-E9135D78AC4F}.Debug|Any CPU.Build.0 = Debug|Any CPU
		{0E208F95-9A1B-7E48-5ED0-E9135D78AC4F}.Release|Any CPU.ActiveCfg = Release|Any CPU
		{0E208F95-9A1B-7E48-5ED0-E9135D78AC4F}.Release|Any CPU.Build.0 = Release|Any CPU
	EndGlobalSection
	GlobalSection(SolutionProperties) = preSolution
		HideSolutionNode = FALSE
	EndGlobalSection
EndGlobal
